
Microsoft Visual Studio Solution File, Format Version 12.00
# Visual Studio Version 17
VisualStudioVersion = 17.7.34221.43
MinimumVisualStudioVersion = 10.0.40219.1
Project("{9A19103F-16F7-4668-BE54-9A1E7A4F7556}") = "AnimalFarm", "AnimalFarm\AnimalFarm.csproj", "{9F3A2AD9-BD29-4728-B2DE-DF94C86E5B2B}"
EndProject
Project("{9A19103F-16F7-4668-BE54-9A1E7A4F7556}") = "ClassBoxData", "ClassBoxData\ClassBoxData.csproj", "{7F30357E-1F07-4B51-A706-441A9AC6FFFF}"
EndProject
Project("{9A19103F-16F7-4668-BE54-9A1E7A4F7556}") = "ShoppingSpree", "ShoppingSpree\ShoppingSpree.csproj", "{3B26FEC0-398F-4BB3-A571-29CEA3D3445E}"
EndProject
Project("{FAE04EC0-301F-11D3-BF4B-00C04F79EFBC}") = "PizzaCalories", "PizzaCalories\PizzaCalories.csproj", "{39495BA1-5874-42C9-9B9E-FDE62B620C3A}"
EndProject
Global
	GlobalSection(SolutionConfigurationPlatforms) = preSolution
		Debug|Any CPU = Debug|Any CPU
		Release|Any CPU = Release|Any CPU
	EndGlobalSection
	GlobalSection(ProjectConfigurationPlatforms) = postSolution
		{9F3A2AD9-BD29-4728-B2DE-DF94C86E5B2B}.Debug|Any CPU.ActiveCfg = Debug|Any CPU
		{9F3A2AD9-BD29-4728-B2DE-DF94C86E5B2B}.Debug|Any CPU.Build.0 = Debug|Any CPU
		{9F3A2AD9-BD29-4728-B2DE-DF94C86E5B2B}.Release|Any CPU.ActiveCfg = Release|Any CPU
		{9F3A2AD9-BD29-4728-B2DE-DF94C86E5B2B}.Release|Any CPU.Build.0 = Release|Any CPU
		{7F30357E-1F07-4B51-A706-441A9AC6FFFF}.Debug|Any CPU.ActiveCfg = Debug|Any CPU
		{7F30357E-1F07-4B51-A706-441A9AC6FFFF}.Debug|Any CPU.Build.0 = Debug|Any CPU
		{7F30357E-1F07-4B51-A706-441A9AC6FFFF}.Release|Any CPU.ActiveCfg = Release|Any CPU
		{7F30357E-1F07-4B51-A706-441A9AC6FFFF}.Release|Any CPU.Build.0 = Release|Any CPU
		{3B26FEC0-398F-4BB3-A571-29CEA3D3445E}.Debug|Any CPU.ActiveCfg = Debug|Any CPU
		{3B26FEC0-398F-4BB3-A571-29CEA3D3445E}.Debug|Any CPU.Build.0 = Debug|Any CPU
		{3B26FEC0-398F-4BB3-A571-29CEA3D3445E}.Release|Any CPU.ActiveCfg = Release|Any CPU
		{3B26FEC0-398F-4BB3-A571-29CEA3D3445E}.Release|Any CPU.Build.0 = Release|Any CPU
		{39495BA1-5874-42C9-9B9E-FDE62B620C3A}.Debug|Any CPU.ActiveCfg = Debug|Any CPU
		{39495BA1-5874-42C9-9B9E-FDE62B620C3A}.Debug|Any CPU.Build.0 = Debug|Any CPU
		{39495BA1-5874-42C9-9B9E-FDE62B620C3A}.Release|Any CPU.ActiveCfg = Release|Any CPU
		{39495BA1-5874-42C9-9B9E-FDE62B620C3A}.Release|Any CPU.Build.0 = Release|Any CPU
	EndGlobalSection
	GlobalSection(SolutionProperties) = preSolution
		HideSolutionNode = FALSE
	EndGlobalSection
	GlobalSection(ExtensibilityGlobals) = postSolution
		SolutionGuid = {16C6B5F8-9855-4B2E-9C91-D9E4C8A8FC04}
	EndGlobalSection
EndGlobal
